// !$*UTF8*$!
{
	archiveVersion = 1;
	classes = {
	};
	objectVersion = 50;
	objects = {

/* Begin PBXBuildFile section */
		4CCE0FA32615DCCB00981926 /* AppDelegate.swift in Sources */ = {isa = PBXBuildFile; fileRef = 4CCE0FA22615DCCB00981926 /* AppDelegate.swift */; };
		4CCE0FAA2615DCCB00981926 /* SearchImagesList.storyboard in Resources */ = {isa = PBXBuildFile; fileRef = 4CCE0FA82615DCCB00981926 /* SearchImagesList.storyboard */; };
		4CCE0FAC2615DCCC00981926 /* Assets.xcassets in Resources */ = {isa = PBXBuildFile; fileRef = 4CCE0FAB2615DCCC00981926 /* Assets.xcassets */; };
		4CCE0FAF2615DCCC00981926 /* LaunchScreen.storyboard in Resources */ = {isa = PBXBuildFile; fileRef = 4CCE0FAD2615DCCC00981926 /* LaunchScreen.storyboard */; };
		846F095D2615DFA50088FDF9 /* SearchImagesListPresenter.swift in Sources */ = {isa = PBXBuildFile; fileRef = 846F09582615DFA50088FDF9 /* SearchImagesListPresenter.swift */; };
		846F095E2615DFA50088FDF9 /* SearchImagesListRouter.swift in Sources */ = {isa = PBXBuildFile; fileRef = 846F09592615DFA50088FDF9 /* SearchImagesListRouter.swift */; };
		846F095F2615DFA50088FDF9 /* SearchImagesListViewController.swift in Sources */ = {isa = PBXBuildFile; fileRef = 846F095A2615DFA50088FDF9 /* SearchImagesListViewController.swift */; };
		846F09602615DFA50088FDF9 /* SearchImagesListInteractor.swift in Sources */ = {isa = PBXBuildFile; fileRef = 846F095B2615DFA50088FDF9 /* SearchImagesListInteractor.swift */; };
		846F09612615DFA50088FDF9 /* SearchImagesListConfigurator.swift in Sources */ = {isa = PBXBuildFile; fileRef = 846F095C2615DFA50088FDF9 /* SearchImagesListConfigurator.swift */; };
		846F09682615E0850088FDF9 /* ViewControllers.swift in Sources */ = {isa = PBXBuildFile; fileRef = 846F09672615E0850088FDF9 /* ViewControllers.swift */; };
		846F096C2615E45E0088FDF9 /* ActivityIndicatorUtils.swift in Sources */ = {isa = PBXBuildFile; fileRef = 846F096B2615E45E0088FDF9 /* ActivityIndicatorUtils.swift */; };
/* End PBXBuildFile section */

/* Begin PBXFileReference section */
		4CCE0F9F2615DCCB00981926 /* SearchImages.app */ = {isa = PBXFileReference; explicitFileType = wrapper.application; includeInIndex = 0; path = SearchImages.app; sourceTree = BUILT_PRODUCTS_DIR; };
		4CCE0FA22615DCCB00981926 /* AppDelegate.swift */ = {isa = PBXFileReference; lastKnownFileType = sourcecode.swift; path = AppDelegate.swift; sourceTree = "<group>"; };
		4CCE0FA92615DCCB00981926 /* Base */ = {isa = PBXFileReference; lastKnownFileType = file.storyboard; name = Base; path = Base.lproj/SearchImagesList.storyboard; sourceTree = "<group>"; };
		4CCE0FAB2615DCCC00981926 /* Assets.xcassets */ = {isa = PBXFileReference; lastKnownFileType = folder.assetcatalog; path = Assets.xcassets; sourceTree = "<group>"; };
		4CCE0FAE2615DCCC00981926 /* Base */ = {isa = PBXFileReference; lastKnownFileType = file.storyboard; name = Base; path = Base.lproj/LaunchScreen.storyboard; sourceTree = "<group>"; };
		4CCE0FB02615DCCC00981926 /* Info.plist */ = {isa = PBXFileReference; lastKnownFileType = text.plist.xml; path = Info.plist; sourceTree = "<group>"; };
		846F09582615DFA50088FDF9 /* SearchImagesListPresenter.swift */ = {isa = PBXFileReference; lastKnownFileType = sourcecode.swift; path = SearchImagesListPresenter.swift; sourceTree = "<group>"; };
		846F09592615DFA50088FDF9 /* SearchImagesListRouter.swift */ = {isa = PBXFileReference; lastKnownFileType = sourcecode.swift; path = SearchImagesListRouter.swift; sourceTree = "<group>"; };
		846F095A2615DFA50088FDF9 /* SearchImagesListViewController.swift */ = {isa = PBXFileReference; lastKnownFileType = sourcecode.swift; path = SearchImagesListViewController.swift; sourceTree = "<group>"; };
		846F095B2615DFA50088FDF9 /* SearchImagesListInteractor.swift */ = {isa = PBXFileReference; lastKnownFileType = sourcecode.swift; path = SearchImagesListInteractor.swift; sourceTree = "<group>"; };
		846F095C2615DFA50088FDF9 /* SearchImagesListConfigurator.swift */ = {isa = PBXFileReference; lastKnownFileType = sourcecode.swift; path = SearchImagesListConfigurator.swift; sourceTree = "<group>"; };
		846F09672615E0850088FDF9 /* ViewControllers.swift */ = {isa = PBXFileReference; lastKnownFileType = sourcecode.swift; path = ViewControllers.swift; sourceTree = "<group>"; };
		846F096B2615E45E0088FDF9 /* ActivityIndicatorUtils.swift */ = {isa = PBXFileReference; lastKnownFileType = sourcecode.swift; path = ActivityIndicatorUtils.swift; sourceTree = "<group>"; };
/* End PBXFileReference section */

/* Begin PBXFrameworksBuildPhase section */
		4CCE0F9C2615DCCB00981926 /* Frameworks */ = {
			isa = PBXFrameworksBuildPhase;
			buildActionMask = 2147483647;
			files = (
			);
			runOnlyForDeploymentPostprocessing = 0;
		};
/* End PBXFrameworksBuildPhase section */

/* Begin PBXGroup section */
		4CCE0F962615DCCB00981926 = {
			isa = PBXGroup;
			children = (
				4CCE0FA12615DCCB00981926 /* SearchImages */,
				4CCE0FA02615DCCB00981926 /* Products */,
			);
			sourceTree = "<group>";
		};
		4CCE0FA02615DCCB00981926 /* Products */ = {
			isa = PBXGroup;
			children = (
				4CCE0F9F2615DCCB00981926 /* SearchImages.app */,
			);
			name = Products;
			sourceTree = "<group>";
		};
		4CCE0FA12615DCCB00981926 /* SearchImages */ = {
			isa = PBXGroup;
			children = (
				846F096A2615E43F0088FDF9 /* utils */,
				846F09662615E0770088FDF9 /* components */,
				846F09572615DF860088FDF9 /* screens */,
				4CCE0FAB2615DCCC00981926 /* Assets.xcassets */,
				4CCE0FA22615DCCB00981926 /* AppDelegate.swift */,
				4CCE0FAD2615DCCC00981926 /* LaunchScreen.storyboard */,
				4CCE0FB02615DCCC00981926 /* Info.plist */,
			);
			path = SearchImages;
			sourceTree = "<group>";
		};
		846F09572615DF860088FDF9 /* screens */ = {
			isa = PBXGroup;
			children = (
				846F095A2615DFA50088FDF9 /* SearchImagesListViewController.swift */,
				846F095B2615DFA50088FDF9 /* SearchImagesListInteractor.swift */,
				846F09582615DFA50088FDF9 /* SearchImagesListPresenter.swift */,
				846F09592615DFA50088FDF9 /* SearchImagesListRouter.swift */,
				846F095C2615DFA50088FDF9 /* SearchImagesListConfigurator.swift */,
				4CCE0FA82615DCCB00981926 /* SearchImagesList.storyboard */,
			);
			path = screens;
			sourceTree = "<group>";
		};
		846F09662615E0770088FDF9 /* components */ = {
			isa = PBXGroup;
			children = (
				846F09672615E0850088FDF9 /* ViewControllers.swift */,
			);
			path = components;
			sourceTree = "<group>";
		};
		846F096A2615E43F0088FDF9 /* utils */ = {
			isa = PBXGroup;
			children = (
				846F096B2615E45E0088FDF9 /* ActivityIndicatorUtils.swift */,
			);
			path = utils;
			sourceTree = "<group>";
		};
/* End PBXGroup section */

/* Begin PBXNativeTarget section */
		4CCE0F9E2615DCCB00981926 /* SearchImages */ = {
			isa = PBXNativeTarget;
			buildConfigurationList = 4CCE0FB32615DCCC00981926 /* Build configuration list for PBXNativeTarget "SearchImages" */;
			buildPhases = (
				4CCE0F9B2615DCCB00981926 /* Sources */,
				4CCE0F9C2615DCCB00981926 /* Frameworks */,
				4CCE0F9D2615DCCB00981926 /* Resources */,
			);
			buildRules = (
			);
			dependencies = (
			);
			name = SearchImages;
			productName = SearchImages;
			productReference = 4CCE0F9F2615DCCB00981926 /* SearchImages.app */;
			productType = "com.apple.product-type.application";
		};
/* End PBXNativeTarget section */

/* Begin PBXProject section */
		4CCE0F972615DCCB00981926 /* Project object */ = {
			isa = PBXProject;
			attributes = {
				LastSwiftUpdateCheck = 1230;
				LastUpgradeCheck = 1230;
				TargetAttributes = {
					4CCE0F9E2615DCCB00981926 = {
						CreatedOnToolsVersion = 12.3;
					};
				};
			};
			buildConfigurationList = 4CCE0F9A2615DCCB00981926 /* Build configuration list for PBXProject "SearchImages" */;
			compatibilityVersion = "Xcode 9.3";
			developmentRegion = en;
			hasScannedForEncodings = 0;
			knownRegions = (
				en,
				Base,
			);
			mainGroup = 4CCE0F962615DCCB00981926;
			productRefGroup = 4CCE0FA02615DCCB00981926 /* Products */;
			projectDirPath = "";
			projectRoot = "";
			targets = (
				4CCE0F9E2615DCCB00981926 /* SearchImages */,
			);
		};
/* End PBXProject section */

/* Begin PBXResourcesBuildPhase section */
		4CCE0F9D2615DCCB00981926 /* Resources */ = {
			isa = PBXResourcesBuildPhase;
			buildActionMask = 2147483647;
			files = (
				4CCE0FAF2615DCCC00981926 /* LaunchScreen.storyboard in Resources */,
				4CCE0FAC2615DCCC00981926 /* Assets.xcassets in Resources */,
				4CCE0FAA2615DCCB00981926 /* SearchImagesList.storyboard in Resources */,
			);
			runOnlyForDeploymentPostprocessing = 0;
		};
/* End PBXResourcesBuildPhase section */

/* Begin PBXSourcesBuildPhase section */
		4CCE0F9B2615DCCB00981926 /* Sources */ = {
			isa = PBXSourcesBuildPhase;
			buildActionMask = 2147483647;
			files = (
				846F09682615E0850088FDF9 /* ViewControllers.swift in Sources */,
				846F09612615DFA50088FDF9 /* SearchImagesListConfigurator.swift in Sources */,
				846F096C2615E45E0088FDF9 /* ActivityIndicatorUtils.swift in Sources */,
				846F095E2615DFA50088FDF9 /* SearchImagesListRouter.swift in Sources */,
				846F095D2615DFA50088FDF9 /* SearchImagesListPresenter.swift in Sources */,
				846F09602615DFA50088FDF9 /* SearchImagesListInteractor.swift in Sources */,
				846F095F2615DFA50088FDF9 /* SearchImagesListViewController.swift in Sources */,
				4CCE0FA32615DCCB00981926 /* AppDelegate.swift in Sources */,
			);
			runOnlyForDeploymentPostprocessing = 0;
		};
/* End PBXSourcesBuildPhase section */

/* Begin PBXVariantGroup section */
		4CCE0FA82615DCCB00981926 /* SearchImagesList.storyboard */ = {
			isa = PBXVariantGroup;
			children = (
				4CCE0FA92615DCCB00981926 /* Base */,
			);
			name = SearchImagesList.storyboard;
			sourceTree = "<group>";
		};
		4CCE0FAD2615DCCC00981926 /* LaunchScreen.storyboard */ = {
			isa = PBXVariantGroup;
			children = (
				4CCE0FAE2615DCCC00981926 /* Base */,
			);
			name = LaunchScreen.storyboard;
			sourceTree = "<group>";
		};
/* End PBXVariantGroup section */

/* Begin XCBuildConfiguration section */
		4CCE0FB12615DCCC00981926 /* Debug */ = {
			isa = XCBuildConfiguration;
			buildSettings = {
				ALWAYS_SEARCH_USER_PATHS = NO;
				CLANG_ANALYZER_NONNULL = YES;
				CLANG_ANALYZER_NUMBER_OBJECT_CONVERSION = YES_AGGRESSIVE;
				CLANG_CXX_LANGUAGE_STANDARD = "gnu++14";
				CLANG_CXX_LIBRARY = "libc++";
				CLANG_ENABLE_MODULES = YES;
				CLANG_ENABLE_OBJC_ARC = YES;
				CLANG_ENABLE_OBJC_WEAK = YES;
				CLANG_WARN_BLOCK_CAPTURE_AUTORELEASING = YES;
				CLANG_WARN_BOOL_CONVERSION = YES;
				CLANG_WARN_COMMA = YES;
				CLANG_WARN_CONSTANT_CONVERSION = YES;
				CLANG_WARN_DEPRECATED_OBJC_IMPLEMENTATIONS = YES;
				CLANG_WARN_DIRECT_OBJC_ISA_USAGE = YES_ERROR;
				CLANG_WARN_DOCUMENTATION_COMMENTS = YES;
				CLANG_WARN_EMPTY_BODY = YES;
				CLANG_WARN_ENUM_CONVERSION = YES;
				CLANG_WARN_INFINITE_RECURSION = YES;
				CLANG_WARN_INT_CONVERSION = YES;
				CLANG_WARN_NON_LITERAL_NULL_CONVERSION = YES;
				CLANG_WARN_OBJC_IMPLICIT_RETAIN_SELF = YES;
				CLANG_WARN_OBJC_LITERAL_CONVERSION = YES;
				CLANG_WARN_OBJC_ROOT_CLASS = YES_ERROR;
				CLANG_WARN_QUOTED_INCLUDE_IN_FRAMEWORK_HEADER = YES;
				CLANG_WARN_RANGE_LOOP_ANALYSIS = YES;
				CLANG_WARN_STRICT_PROTOTYPES = YES;
				CLANG_WARN_SUSPICIOUS_MOVE = YES;
				CLANG_WARN_UNGUARDED_AVAILABILITY = YES_AGGRESSIVE;
				CLANG_WARN_UNREACHABLE_CODE = YES;
				CLANG_WARN__DUPLICATE_METHOD_MATCH = YES;
				COPY_PHASE_STRIP = NO;
				DEBUG_INFORMATION_FORMAT = dwarf;
				ENABLE_STRICT_OBJC_MSGSEND = YES;
				ENABLE_TESTABILITY = YES;
				GCC_C_LANGUAGE_STANDARD = gnu11;
				GCC_DYNAMIC_NO_PIC = NO;
				GCC_NO_COMMON_BLOCKS = YES;
				GCC_OPTIMIZATION_LEVEL = 0;
				GCC_PREPROCESSOR_DEFINITIONS = (
					"DEBUG=1",
					"$(inherited)",
				);
				GCC_WARN_64_TO_32_BIT_CONVERSION = YES;
				GCC_WARN_ABOUT_RETURN_TYPE = YES_ERROR;
				GCC_WARN_UNDECLARED_SELECTOR = YES;
				GCC_WARN_UNINITIALIZED_AUTOS = YES_AGGRESSIVE;
				GCC_WARN_UNUSED_FUNCTION = YES;
				GCC_WARN_UNUSED_VARIABLE = YES;
				IPHONEOS_DEPLOYMENT_TARGET = 11.0;
				MTL_ENABLE_DEBUG_INFO = INCLUDE_SOURCE;
				MTL_FAST_MATH = YES;
				ONLY_ACTIVE_ARCH = YES;
				SDKROOT = iphoneos;
				SWIFT_ACTIVE_COMPILATION_CONDITIONS = DEBUG;
				SWIFT_OPTIMIZATION_LEVEL = "-Onone";
			};
			name = Debug;
		};
		4CCE0FB22615DCCC00981926 /* Release */ = {
			isa = XCBuildConfiguration;
			buildSettings = {
				ALWAYS_SEARCH_USER_PATHS = NO;
				CLANG_ANALYZER_NONNULL = YES;
				CLANG_ANALYZER_NUMBER_OBJECT_CONVERSION = YES_AGGRESSIVE;
				CLANG_CXX_LANGUAGE_STANDARD = "gnu++14";
				CLANG_CXX_LIBRARY = "libc++";
				CLANG_ENABLE_MODULES = YES;
				CLANG_ENABLE_OBJC_ARC = YES;
				CLANG_ENABLE_OBJC_WEAK = YES;
				CLANG_WARN_BLOCK_CAPTURE_AUTORELEASING = YES;
				CLANG_WARN_BOOL_CONVERSION = YES;
				CLANG_WARN_COMMA = YES;
				CLANG_WARN_CONSTANT_CONVERSION = YES;
				CLANG_WARN_DEPRECATED_OBJC_IMPLEMENTATIONS = YES;
				CLANG_WARN_DIRECT_OBJC_ISA_USAGE = YES_ERROR;
				CLANG_WARN_DOCUMENTATION_COMMENTS = YES;
				CLANG_WARN_EMPTY_BODY = YES;
				CLANG_WARN_ENUM_CONVERSION = YES;
				CLANG_WARN_INFINITE_RECURSION = YES;
				CLANG_WARN_INT_CONVERSION = YES;
				CLANG_WARN_NON_LITERAL_NULL_CONVERSION = YES;
				CLANG_WARN_OBJC_IMPLICIT_RETAIN_SELF = YES;
				CLANG_WARN_OBJC_LITERAL_CONVERSION = YES;
				CLANG_WARN_OBJC_ROOT_CLASS = YES_ERROR;
				CLANG_WARN_QUOTED_INCLUDE_IN_FRAMEWORK_HEADER = YES;
				CLANG_WARN_RANGE_LOOP_ANALYSIS = YES;
				CLANG_WARN_STRICT_PROTOTYPES = YES;
				CLANG_WARN_SUSPICIOUS_MOVE = YES;
				CLANG_WARN_UNGUARDED_AVAILABILITY = YES_AGGRESSIVE;
				CLANG_WARN_UNREACHABLE_CODE = YES;
				CLANG_WARN__DUPLICATE_METHOD_MATCH = YES;
				COPY_PHASE_STRIP = NO;
				DEBUG_INFORMATION_FORMAT = "dwarf-with-dsym";
				ENABLE_NS_ASSERTIONS = NO;
				ENABLE_STRICT_OBJC_MSGSEND = YES;
				GCC_C_LANGUAGE_STANDARD = gnu11;
				GCC_NO_COMMON_BLOCKS = YES;
				GCC_WARN_64_TO_32_BIT_CONVERSION = YES;
				GCC_WARN_ABOUT_RETURN_TYPE = YES_ERROR;
				GCC_WARN_UNDECLARED_SELECTOR = YES;
				GCC_WARN_UNINITIALIZED_AUTOS = YES_AGGRESSIVE;
				GCC_WARN_UNUSED_FUNCTION = YES;
				GCC_WARN_UNUSED_VARIABLE = YES;
				IPHONEOS_DEPLOYMENT_TARGET = 11.0;
				MTL_ENABLE_DEBUG_INFO = NO;
				MTL_FAST_MATH = YES;
				SDKROOT = iphoneos;
				SWIFT_COMPILATION_MODE = wholemodule;
				SWIFT_OPTIMIZATION_LEVEL = "-O";
				VALIDATE_PRODUCT = YES;
			};
			name = Release;
		};
		4CCE0FB42615DCCC00981926 /* Debug */ = {
			isa = XCBuildConfiguration;
			buildSettings = {
				ASSETCATALOG_COMPILER_APPICON_NAME = AppIcon;
				ASSETCATALOG_COMPILER_GLOBAL_ACCENT_COLOR_NAME = AccentColor;
				CODE_SIGN_STYLE = Automatic;
				DEVELOPMENT_TEAM = 493K3DK7Y5;
				INFOPLIST_FILE = SearchImages/Info.plist;
				LD_RUNPATH_SEARCH_PATHS = (
					"$(inherited)",
					"@executable_path/Frameworks",
				);
				PRODUCT_BUNDLE_IDENTIFIER = NikitaKrupiei.SearchImages;
				PRODUCT_NAME = "$(TARGET_NAME)";
				SWIFT_VERSION = 5.0;
				TARGETED_DEVICE_FAMILY = "1,2";
			};
			name = Debug;
		};
		4CCE0FB52615DCCC00981926 /* Release */ = {
			isa = XCBuildConfiguration;
			buildSettings = {
				ASSETCATALOG_COMPILER_APPICON_NAME = AppIcon;
				ASSETCATALOG_COMPILER_GLOBAL_ACCENT_COLOR_NAME = AccentColor;
				CODE_SIGN_STYLE = Automatic;
				DEVELOPMENT_TEAM = 493K3DK7Y5;
				INFOPLIST_FILE = SearchImages/Info.plist;
				LD_RUNPATH_SEARCH_PATHS = (
					"$(inherited)",
					"@executable_path/Frameworks",
				);
				PRODUCT_BUNDLE_IDENTIFIER = NikitaKrupiei.SearchImages;
				PRODUCT_NAME = "$(TARGET_NAME)";
				SWIFT_VERSION = 5.0;
				TARGETED_DEVICE_FAMILY = "1,2";
			};
			name = Release;
		};
/* End XCBuildConfiguration section */

/* Begin XCConfigurationList section */
		4CCE0F9A2615DCCB00981926 /* Build configuration list for PBXProject "SearchImages" */ = {
			isa = XCConfigurationList;
			buildConfigurations = (
				4CCE0FB12615DCCC00981926 /* Debug */,
				4CCE0FB22615DCCC00981926 /* Release */,
			);
			defaultConfigurationIsVisible = 0;
			defaultConfigurationName = Release;
		};
		4CCE0FB32615DCCC00981926 /* Build configuration list for PBXNativeTarget "SearchImages" */ = {
			isa = XCConfigurationList;
			buildConfigurations = (
				4CCE0FB42615DCCC00981926 /* Debug */,
				4CCE0FB52615DCCC00981926 /* Release */,
			);
			defaultConfigurationIsVisible = 0;
			defaultConfigurationName = Release;
		};
/* End XCConfigurationList section */
	};
	rootObject = 4CCE0F972615DCCB00981926 /* Project object */;
}
